
Microsoft Visual Studio Solution File, Format Version 12.00
# Visual Studio 15
VisualStudioVersion = 15.0.28010.2019
MinimumVisualStudioVersion = 10.0.40219.1
Project("{FAE04EC0-301F-11D3-BF4B-00C04F79EFBC}") = "SyntxError", "SyntxError\SyntxError.csproj", "{18D07738-3467-4769-B670-62F649CDC25A}"
EndProject
Global
	GlobalSection(SolutionConfigurationPlatforms) = preSolution
		Debug|Any CPU = Debug|Any CPU
		Release|Any CPU = Release|Any CPU
	EndGlobalSection
	GlobalSection(ProjectConfigurationPlatforms) = postSolution
		{18D07738-3467-4769-B670-62F649CDC25A}.Debug|Any CPU.ActiveCfg = Debug|Any CPU
		{18D07738-3467-4769-B670-62F649CDC25A}.Debug|Any CPU.Build.0 = Debug|Any CPU
		{18D07738-3467-4769-B670-62F649CDC25A}.Release|Any CPU.ActiveCfg = Release|Any CPU
		{18D07738-3467-4769-B670-62F649CDC25A}.Release|Any CPU.Build.0 = Release|Any CPU
	EndGlobalSection
	GlobalSection(SolutionProperties) = preSolution
		HideSolutionNode = FALSE
	EndGlobalSection
	GlobalSection(ExtensibilityGlobals) = postSolution
		SolutionGuid = {7AA7EE35-F5FF-4B9B-8924-2F6BC1F4CCC0}
	EndGlobalSection
EndGlobal
